{
  "name": "koppeltaalv2.00",
  "version": "0.14.0-beta.9",
  "lockfileVersion": 3,
  "requires": true,
  "packages": {
    "": {
      "name": "koppeltaalv2.00",
      "version": "0.14.0-beta.9",
      "devDependencies": {
        "commander": "^12.1.0",
        "js-yaml": "^4.1.0",
        "sushi": "^4.0.3"
      }
    },
    "node_modules/@uniswap/token-lists": {
      "version": "1.0.0-beta.33",
      "resolved": "https://registry.npmjs.org/@uniswap/token-lists/-/token-lists-1.0.0-beta.33.tgz",
      "integrity": "sha512-JQkXcpRI3jFG8y3/CGC4TS8NkDgcxXaOQuYW8Qdvd6DcDiIyg2vVYCG9igFEzF0G6UvxgHkBKC7cWCgzZNYvQg==",
      "dev": true,
      "engines": {
        "node": ">=10"
      }
    },
    "node_modules/argparse": {
      "version": "2.0.1",
      "resolved": "https://registry.npmjs.org/argparse/-/argparse-2.0.1.tgz",
      "integrity": "sha512-8+9WqebbFzpX9OR+Wa6O29asIogeRMzcGtAINdpMHHyAg10f05aSFVBbcEqGf/PXw1EjAZ+q2/bEBg3DvurK3Q==",
      "dev": true
    },
    "node_modules/big.js": {
      "version": "6.1.1",
      "resolved": "https://registry.npmjs.org/big.js/-/big.js-6.1.1.tgz",
      "integrity": "sha512-1vObw81a8ylZO5ePrtMay0n018TcftpTA5HFKDaSuiUDBo8biRBtjIobw60OpwuvrGk+FsxKamqN4cnmj/eXdg==",
      "dev": true,
      "engines": {
        "node": "*"
      },
      "funding": {
        "type": "opencollective",
        "url": "https://opencollective.com/bigjs"
      }
    },
    "node_modules/commander": {
      "version": "12.1.0",
      "resolved": "https://registry.npmjs.org/commander/-/commander-12.1.0.tgz",
      "integrity": "sha512-Vw8qHK3bZM9y/P10u3Vib8o/DdkvA2OtPtZvD871QKjy74Wj1WSKFILMPRPSdUSx5RFK1arlJzEtA4PkFgnbuA==",
      "dev": true,
      "engines": {
        "node": ">=18"
      }
    },
    "node_modules/date-fns": {
      "version": "3.3.1",
      "resolved": "https://registry.npmjs.org/date-fns/-/date-fns-3.3.1.tgz",
      "integrity": "sha512-y8e109LYGgoQDveiEBD3DYXKba1jWf5BA8YU1FL5Tvm0BTdEfy54WLCwnuYWZNnzzvALy/QQ4Hov+Q9RVRv+Zw==",
      "dev": true,
      "funding": {
        "type": "github",
        "url": "https://github.com/sponsors/kossnocorp"
      }
    },
    "node_modules/decimal.js-light": {
      "version": "2.5.1",
      "resolved": "https://registry.npmjs.org/decimal.js-light/-/decimal.js-light-2.5.1.tgz",
      "integrity": "sha512-qIMFpTMZmny+MMIitAB6D7iVPEorVw6YQRWkvarTkT4tBeSLLiHzcwj6q0MmYSFCiVpiqPJTJEYIrpcPzVEIvg==",
      "dev": true
    },
    "node_modules/js-yaml": {
      "version": "4.1.0",
      "resolved": "https://registry.npmjs.org/js-yaml/-/js-yaml-4.1.0.tgz",
      "integrity": "sha512-wpxZs9NoxZaJESJGIZTyDEaYpl0FKSA+FB9aJiyemKhMwkxQg63h4T1KJgUGHpTqPDNRcmmYLugrRjJlBtWvRA==",
      "dev": true,
      "dependencies": {
        "argparse": "^2.0.1"
      },
      "bin": {
        "js-yaml": "bin/js-yaml.js"
      }
    },
    "node_modules/seedrandom": {
      "version": "3.0.5",
      "resolved": "https://registry.npmjs.org/seedrandom/-/seedrandom-3.0.5.tgz",
      "integrity": "sha512-8OwmbklUNzwezjGInmZ+2clQmExQPvomqjL7LFqOYqtmuxRgQYqOD3mHaU+MvZn5FLUeVxVfQjwLZW/n/JFuqg==",
      "dev": true
    },
    "node_modules/sushi": {
      "version": "4.0.3",
      "resolved": "https://registry.npmjs.org/sushi/-/sushi-4.0.3.tgz",
      "integrity": "sha512-XGBhA+54LPq3ynrmtDpTUILIkAkVhYekjXT6aM9j/F0E5Fhm6uZ/XE8ltvi6pQ7IvHdVjIzZjRb0HGKJ07RkKw==",
      "dev": true,
      "funding": [
        {
          "type": "github",
          "url": "https://github.com/sponsors/sushi-labs"
        }
      ],
      "dependencies": {
        "@uniswap/token-lists": "1.0.0-beta.33",
        "big.js": "6.1.1",
        "date-fns": "3.3.1",
        "decimal.js-light": "2.5.1",
        "seedrandom": "3.0.5",
        "tiny-invariant": "1.3.3",
        "toformat": "2.0.0"
      },
      "peerDependencies": {
        "typescript": "5.5.4",
        "viem": "*",
        "zod": "*"
      },
      "peerDependenciesMeta": {
        "typescript": {
          "optional": true
        },
        "viem": {
          "optional": true
        },
        "zod": {
          "optional": true
        }
      }
    },
    "node_modules/tiny-invariant": {
      "version": "1.3.3",
      "resolved": "https://registry.npmjs.org/tiny-invariant/-/tiny-invariant-1.3.3.tgz",
      "integrity": "sha512-+FbBPE1o9QAYvviau/qC5SE3caw21q3xkvWKBtja5vgqOWIHHJ3ioaq1VPfn/Szqctz2bU/oYeKd9/z5BL+PVg==",
      "dev": true
    },
    "node_modules/toformat": {
      "version": "2.0.0",
      "resolved": "https://registry.npmjs.org/toformat/-/toformat-2.0.0.tgz",
      "integrity": "sha512-03SWBVop6nU8bpyZCx7SodpYznbZF5R4ljwNLBcTQzKOD9xuihRo/psX58llS1BMFhhAI08H3luot5GoXJz2pQ==",
      "dev": true
    }
  }
}
